
Microsoft Visual Studio Solution File, Format Version 12.00
# Visual Studio Version 17
VisualStudioVersion = 17.10.35027.167
MinimumVisualStudioVersion = 10.0.40219.1
Project("{FAE04EC0-301F-11D3-BF4B-00C04F79EFBC}") = "E-LIbrary", "E-LIbrary\E-LIbrary.csproj", "{91D75DB5-2E97-4CB2-8406-F6380A670F16}"
EndProject
Global
	GlobalSection(SolutionConfigurationPlatforms) = preSolution
		Debug|Any CPU = Debug|Any CPU
		Release|Any CPU = Release|Any CPU
	EndGlobalSection
	GlobalSection(ProjectConfigurationPlatforms) = postSolution
		{91D75DB5-2E97-4CB2-8406-F6380A670F16}.Debug|Any CPU.ActiveCfg = Debug|Any CPU
		{91D75DB5-2E97-4CB2-8406-F6380A670F16}.Debug|Any CPU.Build.0 = Debug|Any CPU
		{91D75DB5-2E97-4CB2-8406-F6380A670F16}.Release|Any CPU.ActiveCfg = Release|Any CPU
		{91D75DB5-2E97-4CB2-8406-F6380A670F16}.Release|Any CPU.Build.0 = Release|Any CPU
	EndGlobalSection
	GlobalSection(SolutionProperties) = preSolution
		HideSolutionNode = FALSE
	EndGlobalSection
	GlobalSection(ExtensibilityGlobals) = postSolution
		SolutionGuid = {6CA6BB1E-E087-4CA6-A8AF-90BDC31C2154}
	EndGlobalSection
EndGlobal
